
Microsoft Visual Studio Solution File, Format Version 12.00
# Visual Studio 14
VisualStudioVersion = 14.0.25420.1
MinimumVisualStudioVersion = 10.0.40219.1
Project("{FAE04EC0-301F-11D3-BF4B-00C04F79EFBC}") = "VMDtoJSON", "VMDtoJSON\VMDtoJSON.csproj", "{4703AEFD-FD6D-46B0-B69F-FC959B20A2FC}"
EndProject
Global
	GlobalSection(SolutionConfigurationPlatforms) = preSolution
		Debug|Any CPU = Debug|Any CPU
		Release|Any CPU = Release|Any CPU
	EndGlobalSection
	GlobalSection(ProjectConfigurationPlatforms) = postSolution
		{4703AEFD-FD6D-46B0-B69F-FC959B20A2FC}.Debug|Any CPU.ActiveCfg = Debug|Any CPU
		{4703AEFD-FD6D-46B0-B69F-FC959B20A2FC}.Debug|Any CPU.Build.0 = Debug|Any CPU
		{4703AEFD-FD6D-46B0-B69F-FC959B20A2FC}.Release|Any CPU.ActiveCfg = Release|Any CPU
		{4703AEFD-FD6D-46B0-B69F-FC959B20A2FC}.Release|Any CPU.Build.0 = Release|Any CPU
	EndGlobalSection
	GlobalSection(SolutionProperties) = preSolution
		HideSolutionNode = FALSE
	EndGlobalSection
EndGlobal
